
Microsoft Visual Studio Solution File, Format Version 12.00
# Visual Studio Version 17
VisualStudioVersion = 17.7.34031.279
MinimumVisualStudioVersion = 10.0.40219.1
Project("{9A19103F-16F7-4668-BE54-9A1E7A4F7556}") = "stringCalculator", "stringCalculator\stringCalculator.csproj", "{59536CF0-A853-4BD9-9339-F22932ABCC87}"
EndProject
Project("{9A19103F-16F7-4668-BE54-9A1E7A4F7556}") = "stringCalculatorTest", "stringCalculatorTest\stringCalculatorTest.csproj", "{378BBD05-D5EF-47FE-B270-CE0EEB66291F}"
	ProjectSection(ProjectDependencies) = postProject
		{59536CF0-A853-4BD9-9339-F22932ABCC87} = {59536CF0-A853-4BD9-9339-F22932ABCC87}
	EndProjectSection
EndProject
Global
	GlobalSection(SolutionConfigurationPlatforms) = preSolution
		Debug|Any CPU = Debug|Any CPU
		Release|Any CPU = Release|Any CPU
	EndGlobalSection
	GlobalSection(ProjectConfigurationPlatforms) = postSolution
		{59536CF0-A853-4BD9-9339-F22932ABCC87}.Debug|Any CPU.ActiveCfg = Debug|Any CPU
		{59536CF0-A853-4BD9-9339-F22932ABCC87}.Debug|Any CPU.Build.0 = Debug|Any CPU
		{59536CF0-A853-4BD9-9339-F22932ABCC87}.Release|Any CPU.ActiveCfg = Release|Any CPU
		{59536CF0-A853-4BD9-9339-F22932ABCC87}.Release|Any CPU.Build.0 = Release|Any CPU
		{378BBD05-D5EF-47FE-B270-CE0EEB66291F}.Debug|Any CPU.ActiveCfg = Debug|Any CPU
		{378BBD05-D5EF-47FE-B270-CE0EEB66291F}.Debug|Any CPU.Build.0 = Debug|Any CPU
		{378BBD05-D5EF-47FE-B270-CE0EEB66291F}.Release|Any CPU.ActiveCfg = Release|Any CPU
		{378BBD05-D5EF-47FE-B270-CE0EEB66291F}.Release|Any CPU.Build.0 = Release|Any CPU
	EndGlobalSection
	GlobalSection(SolutionProperties) = preSolution
		HideSolutionNode = FALSE
	EndGlobalSection
	GlobalSection(ExtensibilityGlobals) = postSolution
		SolutionGuid = {383653C9-F1CE-49CE-9542-E5249BB29849}
	EndGlobalSection
EndGlobal
